PODS:
  - AFNetworking (3.2.1):
    - AFNetworking/NSURLSession (= 3.2.1)
    - AFNetworking/Reachability (= 3.2.1)
    - AFNetworking/Security (= 3.2.1)
    - AFNetworking/Serialization (= 3.2.1)
    - AFNetworking/UIKit (= 3.2.1)
  - AFNetworking/NSURLSession (3.2.1):
    - AFNetworking/Reachability
    - AFNetworking/Security
    - AFNetworking/Serialization
  - AFNetworking/Reachability (3.2.1)
  - AFNetworking/Security (3.2.1)
  - AFNetworking/Serialization (3.2.1)
  - AFNetworking/UIKit (3.2.1):
    - AFNetworking/NSURLSession
  - BDBaseController (1.3.6):
    - BDBaseController/BDBaseCollectionViewController (= 1.3.6)
    - BDBaseController/BDBaseDefine (= 1.3.6)
    - BDBaseController/BDBaseTableViewController (= 1.3.6)
    - BDBaseController/BDBaseViewController (= 1.3.6)
    - BDBaseController/BDBaseViewModel (= 1.3.6)
    - BDBaseController/BDHTTP (= 1.3.6)
    - BDBaseController/BDScanController (= 1.3.6)
    - BDBaseController/BDWebViewController (= 1.3.6)
    - "BDBaseController/UICollectionViewController+HUD (= 1.3.6)"
    - "BDBaseController/UITableView+Refresh (= 1.3.6)"
    - "BDBaseController/UITableViewController+HUD (= 1.3.6)"
    - "BDBaseController/UIViewController+HUD (= 1.3.6)"
    - BDToolKit
    - DZNEmptyDataSet
    - FFToast
    - MJRefresh
    - ReactiveObjC
    - ZXToolbox
  - BDBaseController/BDBaseCollectionViewController (1.3.6):
    - BDBaseController/BDBaseDefine
    - BDToolKit
    - DZNEmptyDataSet
    - FFToast
    - MJRefresh
    - ReactiveObjC
    - ZXToolbox
  - BDBaseController/BDBaseDefine (1.3.6):
    - BDToolKit
    - DZNEmptyDataSet
    - FFToast
    - MJRefresh
    - ReactiveObjC
    - ZXToolbox
  - BDBaseController/BDBaseTableViewController (1.3.6):
    - BDBaseController/BDBaseDefine
    - BDToolKit
    - DZNEmptyDataSet
    - FFToast
    - MJRefresh
    - ReactiveObjC
    - ZXToolbox
  - BDBaseController/BDBaseViewController (1.3.6):
    - BDBaseController/BDBaseDefine
    - BDToolKit
    - DZNEmptyDataSet
    - FFToast
    - MJRefresh
    - ReactiveObjC
    - ZXToolbox
  - BDBaseController/BDBaseViewModel (1.3.6):
    - BDToolKit
    - DZNEmptyDataSet
    - FFToast
    - MJRefresh
    - ReactiveObjC
    - ZXToolbox
  - BDBaseController/BDHTTP (1.3.6):
    - AFNetworking
    - BDToolKit
    - DZNEmptyDataSet
    - FFToast
    - MJRefresh
    - ReactiveObjC
    - YYModel
    - ZXToolbox
  - BDBaseController/BDScanController (1.3.6):
    - BDBaseController/BDBaseViewController
    - BDToolKit
    - DZNEmptyDataSet
    - FFToast
    - MJRefresh
    - ReactiveObjC
    - ZXToolbox
  - BDBaseController/BDWebViewController (1.3.6):
    - BDBaseController/BDBaseViewController
    - BDToolKit
    - DZNEmptyDataSet
    - FFToast
    - MJRefresh
    - ReactiveObjC
    - ZXToolbox
  - "BDBaseController/UICollectionViewController+HUD (1.3.6)":
    - BDToolKit
    - DZNEmptyDataSet
    - FFToast
    - MJRefresh
    - ReactiveObjC
    - ZXToolbox
  - "BDBaseController/UITableView+Refresh (1.3.6)":
    - BDToolKit
    - DZNEmptyDataSet
    - FFToast
    - MJRefresh
    - ReactiveObjC
    - ZXToolbox
  - "BDBaseController/UITableViewController+HUD (1.3.6)":
    - BDToolKit
    - DZNEmptyDataSet
    - FFToast
    - MJRefresh
    - ReactiveObjC
    - ZXToolbox
  - "BDBaseController/UIViewController+HUD (1.3.6)":
    - BDToolKit
    - DZNEmptyDataSet
    - FFToast
    - MJRefresh
    - ReactiveObjC
    - ZXToolbox
  - BDToolKit (2.6.4):
    - BDToolKit/BDAudioPlayer (= 2.6.4)
    - BDToolKit/BDButton (= 2.6.4)
    - BDToolKit/BDCollectionReusableView (= 2.6.4)
    - BDToolKit/BDCollectionViewCell (= 2.6.4)
    - BDToolKit/BDCollectionViewController (= 2.6.4)
    - BDToolKit/BDCollectionViewFlowLayout (= 2.6.4)
    - BDToolKit/BDCountDownButton (= 2.6.4)
    - BDToolKit/BDDefine (= 2.6.4)
    - BDToolKit/BDFreeStyleButton (= 2.6.4)
    - BDToolKit/BDImageView (= 2.6.4)
    - BDToolKit/BDLabel (= 2.6.4)
    - BDToolKit/BDModel (= 2.6.4)
    - BDToolKit/BDNavigationBar (= 2.6.4)
    - BDToolKit/BDSegmentView (= 2.6.4)
    - BDToolKit/BDStackView (= 2.6.4)
    - BDToolKit/BDTableViewCell (= 2.6.4)
    - BDToolKit/BDTableViewController (= 2.6.4)
    - BDToolKit/BDView (= 2.6.4)
    - BDToolKit/BDViewController (= 2.6.4)
    - "BDToolKit/NSArray+BDUIKIT (= 2.6.4)"
    - "BDToolKit/NSBundle+Associated (= 2.6.4)"
    - "BDToolKit/NSData+DeviceToken (= 2.6.4)"
    - "BDToolKit/NSData+Encryption (= 2.6.4)"
    - "BDToolKit/NSData+RandomData (= 2.6.4)"
    - "BDToolKit/NSDate+BD (= 2.6.4)"
    - "BDToolKit/NSMutableArray+BDModel (= 2.6.4)"
    - "BDToolKit/NSMutableDictionary+BD (= 2.6.4)"
    - "BDToolKit/NSNumber+NumerFormat (= 2.6.4)"
    - "BDToolKit/NSObject+Archive (= 2.6.4)"
    - "BDToolKit/NSObject+BD (= 2.6.4)"
    - "BDToolKit/NSObject+Identifier (= 2.6.4)"
    - "BDToolKit/NSObject+Ivar (= 2.6.4)"
    - "BDToolKit/NSObject+NSCoding (= 2.6.4)"
    - "BDToolKit/NSString+BD (= 2.6.4)"
    - "BDToolKit/NSString+Encryption (= 2.6.4)"
    - "BDToolKit/NSString+PercentEncoding (= 2.6.4)"
    - "BDToolKit/NSString+RandomKey (= 2.6.4)"
    - "BDToolKit/NSURLComponents+Pairs (= 2.6.4)"
    - "BDToolKit/NSURLProtocol+WKWebVIew (= 2.6.4)"
    - "BDToolKit/UIButton+BD (= 2.6.4)"
    - "BDToolKit/UIButton+Layout (= 2.6.4)"
    - "BDToolKit/UICollectionViewController+BD (= 2.6.4)"
    - "BDToolKit/UILabel+BD (= 2.6.4)"
    - "BDToolKit/UILabel+NSNumberFormat (= 2.6.4)"
    - "BDToolKit/UINavigationController+Pop (= 2.6.4)"
    - "BDToolKit/UINib+UIView (= 2.6.4)"
    - "BDToolKit/UIScrollView+AutoAdjustScrollInsets (= 2.6.4)"
    - "BDToolKit/UITableViewController+BD (= 2.6.4)"
    - "BDToolKit/UITextField+BD (= 2.6.4)"
    - "BDToolKit/UITextView+BD (= 2.6.4)"
    - "BDToolKit/UIView+BD (= 2.6.4)"
    - "BDToolKit/UIView+BDAnimation (= 2.6.4)"
    - "BDToolKit/UIView+BDCDS (= 2.6.4)"
    - "BDToolKit/UIView+BorderLine (= 2.6.4)"
    - "BDToolKit/UIView+Constraints (= 2.6.4)"
    - "BDToolKit/UIView+Tap (= 2.6.4)"
    - "BDToolKit/UIViewController+BD (= 2.6.4)"
  - BDToolKit/BDAudioPlayer (2.6.4)
  - BDToolKit/BDButton (2.6.4)
  - BDToolKit/BDCollectionReusableView (2.6.4):
    - BDToolKit/BDStackView
    - BDToolKit/BDView
  - BDToolKit/BDCollectionViewCell (2.6.4):
    - BDToolKit/BDStackView
    - BDToolKit/BDView
  - BDToolKit/BDCollectionViewController (2.6.4):
    - BDToolKit/BDStackView
    - BDToolKit/BDView
  - BDToolKit/BDCollectionViewFlowLayout (2.6.4)
  - BDToolKit/BDCountDownButton (2.6.4)
  - BDToolKit/BDDefine (2.6.4)
  - BDToolKit/BDFreeStyleButton (2.6.4):
    - BDToolKit/BDView
  - BDToolKit/BDImageView (2.6.4)
  - BDToolKit/BDLabel (2.6.4)
  - BDToolKit/BDModel (2.6.4)
  - BDToolKit/BDNavigationBar (2.6.4)
  - BDToolKit/BDSegmentView (2.6.4)
  - BDToolKit/BDStackView (2.6.4)
  - BDToolKit/BDTableViewCell (2.6.4):
    - BDToolKit/BDStackView
    - BDToolKit/BDView
  - BDToolKit/BDTableViewController (2.6.4):
    - BDToolKit/BDStackView
    - BDToolKit/BDView
  - BDToolKit/BDView (2.6.4)
  - BDToolKit/BDViewController (2.6.4):
    - BDToolKit/BDStackView
    - BDToolKit/BDView
  - "BDToolKit/NSArray+BDUIKIT (2.6.4)":
    - BDToolKit/BDStackView
    - BDToolKit/BDView
    - "BDToolKit/NSObject+Identifier"
  - "BDToolKit/NSBundle+Associated (2.6.4)"
  - "BDToolKit/NSData+DeviceToken (2.6.4)"
  - "BDToolKit/NSData+Encryption (2.6.4)"
  - "BDToolKit/NSData+RandomData (2.6.4)"
  - "BDToolKit/NSDate+BD (2.6.4)"
  - "BDToolKit/NSMutableArray+BDModel (2.6.4)":
    - BDToolKit/BDModel
  - "BDToolKit/NSMutableDictionary+BD (2.6.4)"
  - "BDToolKit/NSNumber+NumerFormat (2.6.4)"
  - "BDToolKit/NSObject+Archive (2.6.4)"
  - "BDToolKit/NSObject+BD (2.6.4)"
  - "BDToolKit/NSObject+Identifier (2.6.4)"
  - "BDToolKit/NSObject+Ivar (2.6.4)"
  - "BDToolKit/NSObject+NSCoding (2.6.4)"
  - "BDToolKit/NSString+BD (2.6.4)"
  - "BDToolKit/NSString+Encryption (2.6.4)":
    - "BDToolKit/NSData+Encryption"
  - "BDToolKit/NSString+PercentEncoding (2.6.4)"
  - "BDToolKit/NSString+RandomKey (2.6.4)":
    - "BDToolKit/NSString+Encryption"
  - "BDToolKit/NSURLComponents+Pairs (2.6.4)"
  - "BDToolKit/NSURLProtocol+WKWebVIew (2.6.4)"
  - "BDToolKit/UIButton+BD (2.6.4)"
  - "BDToolKit/UIButton+Layout (2.6.4)"
  - "BDToolKit/UICollectionViewController+BD (2.6.4)"
  - "BDToolKit/UILabel+BD (2.6.4)"
  - "BDToolKit/UILabel+NSNumberFormat (2.6.4)"
  - "BDToolKit/UINavigationController+Pop (2.6.4)"
  - "BDToolKit/UINib+UIView (2.6.4)"
  - "BDToolKit/UIScrollView+AutoAdjustScrollInsets (2.6.4)"
  - "BDToolKit/UITableViewController+BD (2.6.4)"
  - "BDToolKit/UITextField+BD (2.6.4)"
  - "BDToolKit/UITextView+BD (2.6.4)"
  - "BDToolKit/UIView+BD (2.6.4)"
  - "BDToolKit/UIView+BDAnimation (2.6.4)"
  - "BDToolKit/UIView+BDCDS (2.6.4)"
  - "BDToolKit/UIView+BorderLine (2.6.4)":
    - "BDToolKit/NSObject+Identifier"
  - "BDToolKit/UIView+Constraints (2.6.4)"
  - "BDToolKit/UIView+Tap (2.6.4)"
  - "BDToolKit/UIViewController+BD (2.6.4)"
  - DZNEmptyDataSet (1.8.1)
  - FFToast (1.2.0)
  - MJRefresh (3.2.0)
  - ReactiveObjC (3.1.1)
  - WechatOpenSDK (1.8.6)
  - YYModel (1.0.4)
  - ZXToolbox (2.2.0):
    - ZXToolbox/Base64Encoding (= 2.2.0)
    - ZXToolbox/JSONObject (= 2.2.0)
    - "ZXToolbox/NSArray+ZXToolbox (= 2.2.0)"
    - "ZXToolbox/NSDate+ZXToolbox (= 2.2.0)"
    - "ZXToolbox/NSFileManager+ZXToolbox (= 2.2.0)"
    - "ZXToolbox/NSNumberFormatter+ZXToolbox (= 2.2.0)"
    - "ZXToolbox/NSObject+ZXToolbox (= 2.2.0)"
    - "ZXToolbox/NSString+NumberValue (= 2.2.0)"
    - "ZXToolbox/NSString+Pinyin (= 2.2.0)"
    - "ZXToolbox/NSString+Unicode (= 2.2.0)"
    - "ZXToolbox/NSString+URLEncoding (= 2.2.0)"
    - "ZXToolbox/UIApplication+ZXToolbox (= 2.2.0)"
    - ZXToolbox/UIApplicationIdleTimer (= 2.2.0)
    - "ZXToolbox/UIButton+ZXToolbox (= 2.2.0)"
    - "ZXToolbox/UIColor+ZXToolbox (= 2.2.0)"
    - "ZXToolbox/UIControl+ZXToolbox (= 2.2.0)"
    - "ZXToolbox/UIDevice+ZXToolbox (= 2.2.0)"
    - "ZXToolbox/UIImage+ZXToolbox (= 2.2.0)"
    - ZXToolbox/UINetworkActivityIndicator (= 2.2.0)
    - "ZXToolbox/UIScreen+ZXToolbox (= 2.2.0)"
    - "ZXToolbox/UIScrollView+ZXToolbox (= 2.2.0)"
    - "ZXToolbox/UITableViewCell+Separator (= 2.2.0)"
    - "ZXToolbox/UITextField+ZXToolbox (= 2.2.0)"
    - "ZXToolbox/UIView+ZXToolbox (= 2.2.0)"
    - "ZXToolbox/UIViewController+ZXToolbox (= 2.2.0)"
    - ZXToolbox/ZXAlertView (= 2.2.0)
    - ZXToolbox/ZXAudioDevice (= 2.2.0)
    - ZXToolbox/ZXAuthorizationHelper (= 2.2.0)
    - ZXToolbox/ZXBadgeLabel (= 2.2.0)
    - ZXToolbox/ZXBrightnessView (= 2.2.0)
    - ZXToolbox/ZXCircularProgressView (= 2.2.0)
    - ZXToolbox/ZXCommonCrypto (= 2.2.0)
    - ZXToolbox/ZXDownloadManager (= 2.2.0)
    - ZXToolbox/ZXDrawingView (= 2.2.0)
    - ZXToolbox/ZXHaloLabel (= 2.2.0)
    - ZXToolbox/ZXHTTPClient (= 2.2.0)
    - ZXToolbox/ZXLineChartView (= 2.2.0)
    - ZXToolbox/ZXLocalAuthentication (= 2.2.0)
    - ZXToolbox/ZXLocationManager (= 2.2.0)
    - ZXToolbox/ZXNavigationController (= 2.2.0)
    - ZXToolbox/ZXNetworkTrafficMonitor (= 2.2.0)
    - ZXToolbox/ZXPageIndicatorView (= 2.2.0)
    - ZXToolbox/ZXPageView (= 2.2.0)
    - ZXToolbox/ZXPhotoLibrary (= 2.2.0)
    - ZXToolbox/ZXPlayerViewController (= 2.2.0)
    - ZXToolbox/ZXPopoverView (= 2.2.0)
    - ZXToolbox/ZXPopoverWindow (= 2.2.0)
    - ZXToolbox/ZXQRCodeGenerator (= 2.2.0)
    - ZXToolbox/ZXQRCodeReader (= 2.2.0)
    - ZXToolbox/ZXQRCodeScanner (= 2.2.0)
    - ZXToolbox/ZXScriptMessageHandler (= 2.2.0)
    - ZXToolbox/ZXScrollLabel (= 2.2.0)
    - ZXToolbox/ZXStackView (= 2.2.0)
    - ZXToolbox/ZXTabBar (= 2.2.0)
    - ZXToolbox/ZXTabBarController (= 2.2.0)
    - ZXToolbox/ZXTagView (= 2.2.0)
    - ZXToolbox/ZXTimer (= 2.2.0)
    - ZXToolbox/ZXToastView (= 2.2.0)
    - "ZXToolbox/ZXToolbox+Macros (= 2.2.0)"
    - ZXToolbox/ZXURLProtocol (= 2.2.0)
    - ZXToolbox/ZXURLSession (= 2.2.0)
  - ZXToolbox/Base64Encoding (2.2.0)
  - ZXToolbox/JSONObject (2.2.0)
  - "ZXToolbox/NSArray+ZXToolbox (2.2.0)"
  - "ZXToolbox/NSDate+ZXToolbox (2.2.0)"
  - "ZXToolbox/NSFileManager+ZXToolbox (2.2.0)"
  - "ZXToolbox/NSNumberFormatter+ZXToolbox (2.2.0)"
  - "ZXToolbox/NSObject+ZXToolbox (2.2.0)"
  - "ZXToolbox/NSString+NumberValue (2.2.0)"
  - "ZXToolbox/NSString+Pinyin (2.2.0)"
  - "ZXToolbox/NSString+Unicode (2.2.0)":
    - "ZXToolbox/NSObject+ZXToolbox"
  - "ZXToolbox/NSString+URLEncoding (2.2.0)"
  - "ZXToolbox/UIApplication+ZXToolbox (2.2.0)"
  - ZXToolbox/UIApplicationIdleTimer (2.2.0)
  - "ZXToolbox/UIButton+ZXToolbox (2.2.0)"
  - "ZXToolbox/UIColor+ZXToolbox (2.2.0)"
  - "ZXToolbox/UIControl+ZXToolbox (2.2.0)"
  - "ZXToolbox/UIDevice+ZXToolbox (2.2.0)":
    - "ZXToolbox/ZXToolbox+Macros"
  - "ZXToolbox/UIImage+ZXToolbox (2.2.0)"
  - ZXToolbox/UINetworkActivityIndicator (2.2.0)
  - "ZXToolbox/UIScreen+ZXToolbox (2.2.0)"
  - "ZXToolbox/UIScrollView+ZXToolbox (2.2.0)"
  - "ZXToolbox/UITableViewCell+Separator (2.2.0)"
  - "ZXToolbox/UITextField+ZXToolbox (2.2.0)":
    - "ZXToolbox/NSObject+ZXToolbox"
  - "ZXToolbox/UIView+ZXToolbox (2.2.0)":
    - "ZXToolbox/NSObject+ZXToolbox"
  - "ZXToolbox/UIViewController+ZXToolbox (2.2.0)"
  - ZXToolbox/ZXAlertView (2.2.0)
  - ZXToolbox/ZXAudioDevice (2.2.0)
  - ZXToolbox/ZXAuthorizationHelper (2.2.0)
  - ZXToolbox/ZXBadgeLabel (2.2.0)
  - ZXToolbox/ZXBrightnessView (2.2.0):
    - "ZXToolbox/UIColor+ZXToolbox"
    - "ZXToolbox/ZXToolbox+Macros"
  - ZXToolbox/ZXCircularProgressView (2.2.0)
  - ZXToolbox/ZXCommonCrypto (2.2.0)
  - ZXToolbox/ZXDownloadManager (2.2.0):
    - ZXToolbox/ZXCommonCrypto
  - ZXToolbox/ZXDrawingView (2.2.0)
  - ZXToolbox/ZXHaloLabel (2.2.0)
  - ZXToolbox/ZXHTTPClient (2.2.0)
  - ZXToolbox/ZXLineChartView (2.2.0)
  - ZXToolbox/ZXLocalAuthentication (2.2.0)
  - ZXToolbox/ZXLocationManager (2.2.0)
  - ZXToolbox/ZXNavigationController (2.2.0)
  - ZXToolbox/ZXNetworkTrafficMonitor (2.2.0)
  - ZXToolbox/ZXPageIndicatorView (2.2.0)
  - ZXToolbox/ZXPageView (2.2.0):
    - ZXToolbox/ZXTimer
  - ZXToolbox/ZXPhotoLibrary (2.2.0)
  - ZXToolbox/ZXPlayerViewController (2.2.0):
    - "ZXToolbox/NSObject+ZXToolbox"
    - "ZXToolbox/UIViewController+ZXToolbox"
    - ZXToolbox/ZXBrightnessView
  - ZXToolbox/ZXPopoverView (2.2.0)
  - ZXToolbox/ZXPopoverWindow (2.2.0)
  - ZXToolbox/ZXQRCodeGenerator (2.2.0)
  - ZXToolbox/ZXQRCodeReader (2.2.0)
  - ZXToolbox/ZXQRCodeScanner (2.2.0)
  - ZXToolbox/ZXScriptMessageHandler (2.2.0)
  - ZXToolbox/ZXScrollLabel (2.2.0)
  - ZXToolbox/ZXStackView (2.2.0)
  - ZXToolbox/ZXTabBar (2.2.0)
  - ZXToolbox/ZXTabBarController (2.2.0)
  - ZXToolbox/ZXTagView (2.2.0)
  - ZXToolbox/ZXTimer (2.2.0)
  - ZXToolbox/ZXToastView (2.2.0)
  - "ZXToolbox/ZXToolbox+Macros (2.2.0)":
    - "ZXToolbox/NSDate+ZXToolbox"
  - ZXToolbox/ZXURLProtocol (2.2.0)
  - ZXToolbox/ZXURLSession (2.2.0)

DEPENDENCIES:
  - BDBaseController
  - BDToolKit
  - WechatOpenSDK
  - ZXToolbox

SPEC REPOS:
  https://github.com/cocoapods/specs.git:
    - AFNetworking
    - BDBaseController
    - BDToolKit
    - DZNEmptyDataSet
    - FFToast
    - MJRefresh
    - ReactiveObjC
    - WechatOpenSDK
    - YYModel
    - ZXToolbox

SPEC CHECKSUMS:
  AFNetworking: b6f891fdfaed196b46c7a83cf209e09697b94057
  BDBaseController: 7410a171e4f61fcab31ac224dba677365ffecd7b
  BDToolKit: 42bf4d3697dd064bee0812214345ffe41f797f23
  DZNEmptyDataSet: 9525833b9e68ac21c30253e1d3d7076cc828eaa7
  FFToast: 60e0f3c9fd8fc473205015055ee39cd200404e01
  MJRefresh: ed450d6eb9d3346a2cb033ab7eb6de090aeef437
  ReactiveObjC: 011caa393aa0383245f2dcf9bf02e86b80b36040
  WechatOpenSDK: 368ae03b72ee3ea1328c4f11326fbb5d2721d118
  YYModel: 2a7fdd96aaa4b86a824e26d0c517de8928c04b30
  ZXToolbox: d8ff829b123072d30356c2b095c602549ad6c7b7

PODFILE CHECKSUM: e9173f9a96c6f6b0e3496746df70a95778e5d427

COCOAPODS: 1.7.3
